// !$*UTF8*$!
{
	archiveVersion = 1;
	classes = {
	};
	objectVersion = 46;
	objects = {

/* Begin PBXBuildFile section */
		85043B941B21374200CE996B /* dtvNowPlaying.m in Sources */ = {isa = PBXBuildFile; fileRef = 85043B931B21374200CE996B /* dtvNowPlaying.m */; };
		85043B9A1B229D6300CE996B /* CCColorCube.m in Sources */ = {isa = PBXBuildFile; fileRef = 85043B971B229D6300CE996B /* CCColorCube.m */; };
		85043B9B1B229D6300CE996B /* CCLocalMaximum.m in Sources */ = {isa = PBXBuildFile; fileRef = 85043B991B229D6300CE996B /* CCLocalMaximum.m */; };
		850F8D291B0EB94C00F9CA10 /* dtvCustomCommand.m in Sources */ = {isa = PBXBuildFile; fileRef = 850F8D281B0EB94C00F9CA10 /* dtvCustomCommand.m */; };
		8562BAAC1B0AD95000F65F26 /* Reachability.m in Sources */ = {isa = PBXBuildFile; fileRef = 8562BAAB1B0AD95000F65F26 /* Reachability.m */; };
		8562BAB01B0AD96800F65F26 /* MBProgressHUD.m in Sources */ = {isa = PBXBuildFile; fileRef = 8562BAAF1B0AD96800F65F26 /* MBProgressHUD.m */; };
		8562BABA1B0AD9A300F65F26 /* MMDrawerBarButtonItem.m in Sources */ = {isa = PBXBuildFile; fileRef = 8562BAB21B0AD9A300F65F26 /* MMDrawerBarButtonItem.m */; };
		8562BABB1B0AD9A300F65F26 /* MMDrawerController.m in Sources */ = {isa = PBXBuildFile; fileRef = 8562BAB41B0AD9A300F65F26 /* MMDrawerController.m */; };
		8562BABC1B0AD9A300F65F26 /* MMDrawerVisualState.m in Sources */ = {isa = PBXBuildFile; fileRef = 8562BAB71B0AD9A300F65F26 /* MMDrawerVisualState.m */; };
		8562BABD1B0AD9A300F65F26 /* UIViewController+MMDrawerController.m in Sources */ = {isa = PBXBuildFile; fileRef = 8562BAB91B0AD9A300F65F26 /* UIViewController+MMDrawerController.m */; };
		8562BAD21B0AD9E200F65F26 /* Colors.m in Sources */ = {isa = PBXBuildFile; fileRef = 8562BABF1B0AD9E200F65F26 /* Colors.m */; };
		8562BAD31B0AD9E200F65F26 /* dtvChannel.m in Sources */ = {isa = PBXBuildFile; fileRef = 8562BAC11B0AD9E200F65F26 /* dtvChannel.m */; };
		8562BAD41B0AD9E200F65F26 /* dtvChannels.m in Sources */ = {isa = PBXBuildFile; fileRef = 8562BAC31B0AD9E200F65F26 /* dtvChannels.m */; };
		8562BAD51B0AD9E200F65F26 /* dtvCommand.m in Sources */ = {isa = PBXBuildFile; fileRef = 8562BAC51B0AD9E200F65F26 /* dtvCommand.m */; };
		8562BAD61B0AD9E200F65F26 /* dtvCommands.m in Sources */ = {isa = PBXBuildFile; fileRef = 8562BAC71B0AD9E200F65F26 /* dtvCommands.m */; };
		8562BAD71B0AD9E200F65F26 /* dtvDevice.m in Sources */ = {isa = PBXBuildFile; fileRef = 8562BAC91B0AD9E200F65F26 /* dtvDevice.m */; };
		8562BAD81B0AD9E200F65F26 /* dtvDevices.m in Sources */ = {isa = PBXBuildFile; fileRef = 8562BACB1B0AD9E200F65F26 /* dtvDevices.m */; };
		8562BAD91B0AD9E200F65F26 /* dtvGuide.m in Sources */ = {isa = PBXBuildFile; fileRef = 8562BACD1B0AD9E200F65F26 /* dtvGuide.m */; };
		8562BADA1B0AD9E200F65F26 /* dtvGuideItem.m in Sources */ = {isa = PBXBuildFile; fileRef = 8562BACF1B0AD9E200F65F26 /* dtvGuideItem.m */; };
		8562BADB1B0AD9E200F65F26 /* iNet.m in Sources */ = {isa = PBXBuildFile; fileRef = 8562BAD11B0AD9E200F65F26 /* iNet.m */; };
		8562BAEA1B0ADA4400F65F26 /* CenterViewController.m in Sources */ = {isa = PBXBuildFile; fileRef = 8562BADE1B0ADA4400F65F26 /* CenterViewController.m */; };
		8562BAEB1B0ADA4400F65F26 /* LaunchScreen.xib in Resources */ = {isa = PBXBuildFile; fileRef = 8562BADF1B0ADA4400F65F26 /* LaunchScreen.xib */; };
		8562BAEC1B0ADA4400F65F26 /* LeftViewController.m in Sources */ = {isa = PBXBuildFile; fileRef = 8562BAE11B0ADA4400F65F26 /* LeftViewController.m */; };
		8562BAED1B0ADA4400F65F26 /* NumberPadViewController.m in Sources */ = {isa = PBXBuildFile; fileRef = 8562BAE31B0ADA4400F65F26 /* NumberPadViewController.m */; };
		8562BAEE1B0ADA4400F65F26 /* NumberPadViewController.xib in Resources */ = {isa = PBXBuildFile; fileRef = 8562BAE41B0ADA4400F65F26 /* NumberPadViewController.xib */; };
		8562BAEF1B0ADA4400F65F26 /* RightViewController.m in Sources */ = {isa = PBXBuildFile; fileRef = 8562BAE61B0ADA4400F65F26 /* RightViewController.m */; };
		8562BAF01B0ADA4400F65F26 /* VibrancyViewController.m in Sources */ = {isa = PBXBuildFile; fileRef = 8562BAE81B0ADA4400F65F26 /* VibrancyViewController.m */; };
		8562BAF11B0ADA4400F65F26 /* VibrancyViewController.xib in Resources */ = {isa = PBXBuildFile; fileRef = 8562BAE91B0ADA4400F65F26 /* VibrancyViewController.xib */; };
		8562BAF71B0ADA8200F65F26 /* categories.plist in Resources */ = {isa = PBXBuildFile; fileRef = 8562BAF21B0ADA8200F65F26 /* categories.plist */; };
		8562BAF81B0ADA8200F65F26 /* commands.plist in Resources */ = {isa = PBXBuildFile; fileRef = 8562BAF31B0ADA8200F65F26 /* commands.plist */; };
		8562BAF91B0ADA8200F65F26 /* images.bundle in Resources */ = {isa = PBXBuildFile; fileRef = 8562BAF41B0ADA8200F65F26 /* images.bundle */; };
		8562BAFB1B0ADA8200F65F26 /* main.m in Sources */ = {isa = PBXBuildFile; fileRef = 8562BAF61B0ADA8200F65F26 /* main.m */; };
		857CAAFC1AF51C9C004F8058 /* SystemConfiguration.framework in Frameworks */ = {isa = PBXBuildFile; fileRef = 857CAAFB1AF51C9C004F8058 /* SystemConfiguration.framework */; };
		859D6D8A1A9926CA0024FBA4 /* AppDelegate.m in Sources */ = {isa = PBXBuildFile; fileRef = 859D6D891A9926CA0024FBA4 /* AppDelegate.m */; };
		859D6D8D1A9926CA0024FBA4 /* dtvRemote.xcdatamodeld in Sources */ = {isa = PBXBuildFile; fileRef = 859D6D8B1A9926CA0024FBA4 /* dtvRemote.xcdatamodeld */; };
		859D6D951A9926CA0024FBA4 /* Images.xcassets in Resources */ = {isa = PBXBuildFile; fileRef = 859D6D941A9926CA0024FBA4 /* Images.xcassets */; };
		859D6DB11A9A8F5E0024FBA4 /* CFNetwork.framework in Frameworks */ = {isa = PBXBuildFile; fileRef = 859D6DB01A9A8F5E0024FBA4 /* CFNetwork.framework */; };
/* End PBXBuildFile section */

/* Begin PBXFileReference section */
		85043B921B21374200CE996B /* dtvNowPlaying.h */ = {isa = PBXFileReference; fileEncoding = 4; lastKnownFileType = sourcecode.c.h; name = dtvNowPlaying.h; path = Classes/dtvNowPlaying.h; sourceTree = "<group>"; };
		85043B931B21374200CE996B /* dtvNowPlaying.m */ = {isa = PBXFileReference; fileEncoding = 4; lastKnownFileType = sourcecode.c.objc; name = dtvNowPlaying.m; path = Classes/dtvNowPlaying.m; sourceTree = "<group>"; };
		85043B961B229D6300CE996B /* CCColorCube.h */ = {isa = PBXFileReference; fileEncoding = 4; lastKnownFileType = sourcecode.c.h; name = CCColorCube.h; path = Vendor/CCColorCube/CCColorCube.h; sourceTree = "<group>"; };
		85043B971B229D6300CE996B /* CCColorCube.m */ = {isa = PBXFileReference; fileEncoding = 4; lastKnownFileType = sourcecode.c.objc; name = CCColorCube.m; path = Vendor/CCColorCube/CCColorCube.m; sourceTree = "<group>"; };
		85043B981B229D6300CE996B /* CCLocalMaximum.h */ = {isa = PBXFileReference; fileEncoding = 4; lastKnownFileType = sourcecode.c.h; name = CCLocalMaximum.h; path = Vendor/CCColorCube/CCLocalMaximum.h; sourceTree = "<group>"; };
		85043B991B229D6300CE996B /* CCLocalMaximum.m */ = {isa = PBXFileReference; fileEncoding = 4; lastKnownFileType = sourcecode.c.objc; name = CCLocalMaximum.m; path = Vendor/CCColorCube/CCLocalMaximum.m; sourceTree = "<group>"; };
		850F8D271B0EB94C00F9CA10 /* dtvCustomCommand.h */ = {isa = PBXFileReference; fileEncoding = 4; lastKnownFileType = sourcecode.c.h; name = dtvCustomCommand.h; path = Classes/dtvCustomCommand.h; sourceTree = "<group>"; };
		850F8D281B0EB94C00F9CA10 /* dtvCustomCommand.m */ = {isa = PBXFileReference; fileEncoding = 4; lastKnownFileType = sourcecode.c.objc; name = dtvCustomCommand.m; path = Classes/dtvCustomCommand.m; sourceTree = "<group>"; };
		8562BAAA1B0AD95000F65F26 /* Reachability.h */ = {isa = PBXFileReference; fileEncoding = 4; lastKnownFileType = sourcecode.c.h; name = Reachability.h; path = Vendor/Reachability/Reachability.h; sourceTree = "<group>"; };
		8562BAAB1B0AD95000F65F26 /* Reachability.m */ = {isa = PBXFileReference; fileEncoding = 4; lastKnownFileType = sourcecode.c.objc; name = Reachability.m; path = Vendor/Reachability/Reachability.m; sourceTree = "<group>"; };
		8562BAAE1B0AD96800F65F26 /* MBProgressHUD.h */ = {isa = PBXFileReference; fileEncoding = 4; lastKnownFileType = sourcecode.c.h; name = MBProgressHUD.h; path = Vendor/MBProgressHUD/MBProgressHUD.h; sourceTree = "<group>"; };
		8562BAAF1B0AD96800F65F26 /* MBProgressHUD.m */ = {isa = PBXFileReference; fileEncoding = 4; lastKnownFileType = sourcecode.c.objc; name = MBProgressHUD.m; path = Vendor/MBProgressHUD/MBProgressHUD.m; sourceTree = "<group>"; };
		8562BAB11B0AD9A300F65F26 /* MMDrawerBarButtonItem.h */ = {isa = PBXFileReference; fileEncoding = 4; lastKnownFileType = sourcecode.c.h; name = MMDrawerBarButtonItem.h; path = Vendor/MMDrawerController/MMDrawerBarButtonItem.h; sourceTree = "<group>"; };
		8562BAB21B0AD9A300F65F26 /* MMDrawerBarButtonItem.m */ = {isa = PBXFileReference; fileEncoding = 4; lastKnownFileType = sourcecode.c.objc; name = MMDrawerBarButtonItem.m; path = Vendor/MMDrawerController/MMDrawerBarButtonItem.m; sourceTree = "<group>"; };
		8562BAB31B0AD9A300F65F26 /* MMDrawerController.h */ = {isa = PBXFileReference; fileEncoding = 4; lastKnownFileType = sourcecode.c.h; name = MMDrawerController.h; path = Vendor/MMDrawerController/MMDrawerController.h; sourceTree = "<group>"; };
		8562BAB41B0AD9A300F65F26 /* MMDrawerController.m */ = {isa = PBXFileReference; fileEncoding = 4; lastKnownFileType = sourcecode.c.objc; name = MMDrawerController.m; path = Vendor/MMDrawerController/MMDrawerController.m; sourceTree = "<group>"; };
		8562BAB51B0AD9A300F65F26 /* MMDrawerController+Subclass.h */ = {isa = PBXFileReference; fileEncoding = 4; lastKnownFileType = sourcecode.c.h; name = "MMDrawerController+Subclass.h"; path = "Vendor/MMDrawerController/MMDrawerController+Subclass.h"; sourceTree = "<group>"; };
		8562BAB61B0AD9A300F65F26 /* MMDrawerVisualState.h */ = {isa = PBXFileReference; fileEncoding = 4; lastKnownFileType = sourcecode.c.h; name = MMDrawerVisualState.h; path = Vendor/MMDrawerController/MMDrawerVisualState.h; sourceTree = "<group>"; };
		8562BAB71B0AD9A300F65F26 /* MMDrawerVisualState.m */ = {isa = PBXFileReference; fileEncoding = 4; lastKnownFileType = sourcecode.c.objc; name = MMDrawerVisualState.m; path = Vendor/MMDrawerController/MMDrawerVisualState.m; sourceTree = "<group>"; };
		8562BAB81B0AD9A300F65F26 /* UIViewController+MMDrawerController.h */ = {isa = PBXFileReference; fileEncoding = 4; lastKnownFileType = sourcecode.c.h; name = "UIViewController+MMDrawerController.h"; path = "Vendor/MMDrawerController/UIViewController+MMDrawerController.h"; sourceTree = "<group>"; };
		8562BAB91B0AD9A300F65F26 /* UIViewController+MMDrawerController.m */ = {isa = PBXFileReference; fileEncoding = 4; lastKnownFileType = sourcecode.c.objc; name = "UIViewController+MMDrawerController.m"; path = "Vendor/MMDrawerController/UIViewController+MMDrawerController.m"; sourceTree = "<group>"; };
		8562BABE1B0AD9E200F65F26 /* Colors.h */ = {isa = PBXFileReference; fileEncoding = 4; lastKnownFileType = sourcecode.c.h; name = Colors.h; path = Classes/Colors.h; sourceTree = "<group>"; };
		8562BABF1B0AD9E200F65F26 /* Colors.m */ = {isa = PBXFileReference; fileEncoding = 4; lastKnownFileType = sourcecode.c.objc; name = Colors.m; path = Classes/Colors.m; sourceTree = "<group>"; };
		8562BAC01B0AD9E200F65F26 /* dtvChannel.h */ = {isa = PBXFileReference; fileEncoding = 4; lastKnownFileType = sourcecode.c.h; name = dtvChannel.h; path = Classes/dtvChannel.h; sourceTree = "<group>"; };
		8562BAC11B0AD9E200F65F26 /* dtvChannel.m */ = {isa = PBXFileReference; fileEncoding = 4; lastKnownFileType = sourcecode.c.objc; name = dtvChannel.m; path = Classes/dtvChannel.m; sourceTree = "<group>"; };
		8562BAC21B0AD9E200F65F26 /* dtvChannels.h */ = {isa = PBXFileReference; fileEncoding = 4; lastKnownFileType = sourcecode.c.h; name = dtvChannels.h; path = Classes/dtvChannels.h; sourceTree = "<group>"; };
		8562BAC31B0AD9E200F65F26 /* dtvChannels.m */ = {isa = PBXFileReference; fileEncoding = 4; lastKnownFileType = sourcecode.c.objc; name = dtvChannels.m; path = Classes/dtvChannels.m; sourceTree = "<group>"; };
		8562BAC41B0AD9E200F65F26 /* dtvCommand.h */ = {isa = PBXFileReference; fileEncoding = 4; lastKnownFileType = sourcecode.c.h; name = dtvCommand.h; path = Classes/dtvCommand.h; sourceTree = "<group>"; };
		8562BAC51B0AD9E200F65F26 /* dtvCommand.m */ = {isa = PBXFileReference; fileEncoding = 4; lastKnownFileType = sourcecode.c.objc; name = dtvCommand.m; path = Classes/dtvCommand.m; sourceTree = "<group>"; };
		8562BAC61B0AD9E200F65F26 /* dtvCommands.h */ = {isa = PBXFileReference; fileEncoding = 4; lastKnownFileType = sourcecode.c.h; name = dtvCommands.h; path = Classes/dtvCommands.h; sourceTree = "<group>"; };
		8562BAC71B0AD9E200F65F26 /* dtvCommands.m */ = {isa = PBXFileReference; fileEncoding = 4; lastKnownFileType = sourcecode.c.objc; name = dtvCommands.m; path = Classes/dtvCommands.m; sourceTree = "<group>"; };
		8562BAC81B0AD9E200F65F26 /* dtvDevice.h */ = {isa = PBXFileReference; fileEncoding = 4; lastKnownFileType = sourcecode.c.h; name = dtvDevice.h; path = Classes/dtvDevice.h; sourceTree = "<group>"; };
		8562BAC91B0AD9E200F65F26 /* dtvDevice.m */ = {isa = PBXFileReference; fileEncoding = 4; lastKnownFileType = sourcecode.c.objc; name = dtvDevice.m; path = Classes/dtvDevice.m; sourceTree = "<group>"; };
		8562BACA1B0AD9E200F65F26 /* dtvDevices.h */ = {isa = PBXFileReference; fileEncoding = 4; lastKnownFileType = sourcecode.c.h; name = dtvDevices.h; path = Classes/dtvDevices.h; sourceTree = "<group>"; };
		8562BACB1B0AD9E200F65F26 /* dtvDevices.m */ = {isa = PBXFileReference; fileEncoding = 4; lastKnownFileType = sourcecode.c.objc; name = dtvDevices.m; path = Classes/dtvDevices.m; sourceTree = "<group>"; };
		8562BACC1B0AD9E200F65F26 /* dtvGuide.h */ = {isa = PBXFileReference; fileEncoding = 4; lastKnownFileType = sourcecode.c.h; name = dtvGuide.h; path = Classes/dtvGuide.h; sourceTree = "<group>"; };
		8562BACD1B0AD9E200F65F26 /* dtvGuide.m */ = {isa = PBXFileReference; fileEncoding = 4; lastKnownFileType = sourcecode.c.objc; name = dtvGuide.m; path = Classes/dtvGuide.m; sourceTree = "<group>"; };
		8562BACE1B0AD9E200F65F26 /* dtvGuideItem.h */ = {isa = PBXFileReference; fileEncoding = 4; lastKnownFileType = sourcecode.c.h; name = dtvGuideItem.h; path = Classes/dtvGuideItem.h; sourceTree = "<group>"; };
		8562BACF1B0AD9E200F65F26 /* dtvGuideItem.m */ = {isa = PBXFileReference; fileEncoding = 4; lastKnownFileType = sourcecode.c.objc; name = dtvGuideItem.m; path = Classes/dtvGuideItem.m; sourceTree = "<group>"; };
		8562BAD01B0AD9E200F65F26 /* iNet.h */ = {isa = PBXFileReference; fileEncoding = 4; lastKnownFileType = sourcecode.c.h; name = iNet.h; path = Classes/iNet.h; sourceTree = "<group>"; };
		8562BAD11B0AD9E200F65F26 /* iNet.m */ = {isa = PBXFileReference; fileEncoding = 4; lastKnownFileType = sourcecode.c.objc; name = iNet.m; path = Classes/iNet.m; sourceTree = "<group>"; };
		8562BADD1B0ADA4400F65F26 /* CenterViewController.h */ = {isa = PBXFileReference; fileEncoding = 4; lastKnownFileType = sourcecode.c.h; name = CenterViewController.h; path = Views/CenterViewController.h; sourceTree = "<group>"; };
		8562BADE1B0ADA4400F65F26 /* CenterViewController.m */ = {isa = PBXFileReference; fileEncoding = 4; lastKnownFileType = sourcecode.c.objc; name = CenterViewController.m; path = Views/CenterViewController.m; sourceTree = "<group>"; };
		8562BADF1B0ADA4400F65F26 /* LaunchScreen.xib */ = {isa = PBXFileReference; fileEncoding = 4; lastKnownFileType = file.xib; name = LaunchScreen.xib; path = Views/LaunchScreen.xib; sourceTree = "<group>"; };
		8562BAE01B0ADA4400F65F26 /* LeftViewController.h */ = {isa = PBXFileReference; fileEncoding = 4; lastKnownFileType = sourcecode.c.h; name = LeftViewController.h; path = Views/LeftViewController.h; sourceTree = "<group>"; };
		8562BAE11B0ADA4400F65F26 /* LeftViewController.m */ = {isa = PBXFileReference; fileEncoding = 4; lastKnownFileType = sourcecode.c.objc; name = LeftViewController.m; path = Views/LeftViewController.m; sourceTree = "<group>"; };
		8562BAE21B0ADA4400F65F26 /* NumberPadViewController.h */ = {isa = PBXFileReference; fileEncoding = 4; lastKnownFileType = sourcecode.c.h; name = NumberPadViewController.h; path = Views/NumberPadViewController.h; sourceTree = "<group>"; };
		8562BAE31B0ADA4400F65F26 /* NumberPadViewController.m */ = {isa = PBXFileReference; fileEncoding = 4; lastKnownFileType = sourcecode.c.objc; name = NumberPadViewController.m; path = Views/NumberPadViewController.m; sourceTree = "<group>"; };
		8562BAE41B0ADA4400F65F26 /* NumberPadViewController.xib */ = {isa = PBXFileReference; fileEncoding = 4; lastKnownFileType = file.xib; name = NumberPadViewController.xib; path = Views/NumberPadViewController.xib; sourceTree = "<group>"; };
		8562BAE51B0ADA4400F65F26 /* RightViewController.h */ = {isa = PBXFileReference; fileEncoding = 4; lastKnownFileType = sourcecode.c.h; name = RightViewController.h; path = Views/RightViewController.h; sourceTree = "<group>"; };
		8562BAE61B0ADA4400F65F26 /* RightViewController.m */ = {isa = PBXFileReference; fileEncoding = 4; lastKnownFileType = sourcecode.c.objc; name = RightViewController.m; path = Views/RightViewController.m; sourceTree = "<group>"; };
		8562BAE71B0ADA4400F65F26 /* VibrancyViewController.h */ = {isa = PBXFileReference; fileEncoding = 4; lastKnownFileType = sourcecode.c.h; name = VibrancyViewController.h; path = Views/VibrancyViewController.h; sourceTree = "<group>"; };
		8562BAE81B0ADA4400F65F26 /* VibrancyViewController.m */ = {isa = PBXFileReference; fileEncoding = 4; lastKnownFileType = sourcecode.c.objc; name = VibrancyViewController.m; path = Views/VibrancyViewController.m; sourceTree = "<group>"; };
		8562BAE91B0ADA4400F65F26 /* VibrancyViewController.xib */ = {isa = PBXFileReference; fileEncoding = 4; lastKnownFileType = file.xib; name = VibrancyViewController.xib; path = Views/VibrancyViewController.xib; sourceTree = "<group>"; };
		8562BAF21B0ADA8200F65F26 /* categories.plist */ = {isa = PBXFileReference; fileEncoding = 4; lastKnownFileType = text.plist.xml; name = categories.plist; path = "Supporting Files/categories.plist"; sourceTree = "<group>"; };
		8562BAF31B0ADA8200F65F26 /* commands.plist */ = {isa = PBXFileReference; fileEncoding = 4; lastKnownFileType = text.plist.xml; name = commands.plist; path = "Supporting Files/commands.plist"; sourceTree = "<group>"; };
		8562BAF41B0ADA8200F65F26 /* images.bundle */ = {isa = PBXFileReference; lastKnownFileType = "wrapper.plug-in"; name = images.bundle; path = "Supporting Files/images.bundle"; sourceTree = "<group>"; };
		8562BAF61B0ADA8200F65F26 /* main.m */ = {isa = PBXFileReference; fileEncoding = 4; lastKnownFileType = sourcecode.c.objc; name = main.m; path = "Supporting Files/main.m"; sourceTree = "<group>"; };
		8562BAFC1B0ADAA500F65F26 /* Info.plist */ = {isa = PBXFileReference; fileEncoding = 4; lastKnownFileType = text.plist.xml; path = Info.plist; sourceTree = "<group>"; };
		857CAAFB1AF51C9C004F8058 /* SystemConfiguration.framework */ = {isa = PBXFileReference; lastKnownFileType = wrapper.framework; name = SystemConfiguration.framework; path = System/Library/Frameworks/SystemConfiguration.framework; sourceTree = SDKROOT; };
		859D6D811A9926CA0024FBA4 /* Coco for DirecTV.app */ = {isa = PBXFileReference; explicitFileType = wrapper.application; includeInIndex = 0; path = "Coco for DirecTV.app"; sourceTree = BUILT_PRODUCTS_DIR; };
		859D6D881A9926CA0024FBA4 /* AppDelegate.h */ = {isa = PBXFileReference; lastKnownFileType = sourcecode.c.h; path = AppDelegate.h; sourceTree = "<group>"; };
		859D6D891A9926CA0024FBA4 /* AppDelegate.m */ = {isa = PBXFileReference; lastKnownFileType = sourcecode.c.objc; path = AppDelegate.m; sourceTree = "<group>"; };
		859D6D8C1A9926CA0024FBA4 /* dtvRemote.xcdatamodel */ = {isa = PBXFileReference; lastKnownFileType = wrapper.xcdatamodel; path = dtvRemote.xcdatamodel; sourceTree = "<group>"; };
		859D6D941A9926CA0024FBA4 /* Images.xcassets */ = {isa = PBXFileReference; lastKnownFileType = folder.assetcatalog; path = Images.xcassets; sourceTree = "<group>"; };
		859D6DB01A9A8F5E0024FBA4 /* CFNetwork.framework */ = {isa = PBXFileReference; lastKnownFileType = wrapper.framework; name = CFNetwork.framework; path = System/Library/Frameworks/CFNetwork.framework; sourceTree = SDKROOT; };
/* End PBXFileReference section */

/* Begin PBXFrameworksBuildPhase section */
		859D6D7E1A9926CA0024FBA4 /* Frameworks */ = {
			isa = PBXFrameworksBuildPhase;
			buildActionMask = 2147483647;
			files = (
				857CAAFC1AF51C9C004F8058 /* SystemConfiguration.framework in Frameworks */,
				859D6DB11A9A8F5E0024FBA4 /* CFNetwork.framework in Frameworks */,
			);
			runOnlyForDeploymentPostprocessing = 0;
		};
/* End PBXFrameworksBuildPhase section */

/* Begin PBXGroup section */
		85043B951B229D4C00CE996B /* CCColorCube */ = {
			isa = PBXGroup;
			children = (
				85043B961B229D6300CE996B /* CCColorCube.h */,
				85043B971B229D6300CE996B /* CCColorCube.m */,
				85043B981B229D6300CE996B /* CCLocalMaximum.h */,
				85043B991B229D6300CE996B /* CCLocalMaximum.m */,
			);
			name = CCColorCube;
			sourceTree = "<group>";
		};
		8507603C1AFF9D5B0061DFEA /* MMDrawerController */ = {
			isa = PBXGroup;
			children = (
				8562BAB11B0AD9A300F65F26 /* MMDrawerBarButtonItem.h */,
				8562BAB21B0AD9A300F65F26 /* MMDrawerBarButtonItem.m */,
				8562BAB31B0AD9A300F65F26 /* MMDrawerController.h */,
				8562BAB41B0AD9A300F65F26 /* MMDrawerController.m */,
				8562BAB51B0AD9A300F65F26 /* MMDrawerController+Subclass.h */,
				8562BAB61B0AD9A300F65F26 /* MMDrawerVisualState.h */,
				8562BAB71B0AD9A300F65F26 /* MMDrawerVisualState.m */,
				8562BAB81B0AD9A300F65F26 /* UIViewController+MMDrawerController.h */,
				8562BAB91B0AD9A300F65F26 /* UIViewController+MMDrawerController.m */,
			);
			name = MMDrawerController;
			sourceTree = "<group>";
		};
		850760501AFFEC870061DFEA /* Classes */ = {
			isa = PBXGroup;
			children = (
				8562BABE1B0AD9E200F65F26 /* Colors.h */,
				8562BABF1B0AD9E200F65F26 /* Colors.m */,
				8562BAC01B0AD9E200F65F26 /* dtvChannel.h */,
				8562BAC11B0AD9E200F65F26 /* dtvChannel.m */,
				8562BAC21B0AD9E200F65F26 /* dtvChannels.h */,
				8562BAC31B0AD9E200F65F26 /* dtvChannels.m */,
				8562BAC41B0AD9E200F65F26 /* dtvCommand.h */,
				8562BAC51B0AD9E200F65F26 /* dtvCommand.m */,
				850F8D271B0EB94C00F9CA10 /* dtvCustomCommand.h */,
				850F8D281B0EB94C00F9CA10 /* dtvCustomCommand.m */,
				8562BAC61B0AD9E200F65F26 /* dtvCommands.h */,
				8562BAC71B0AD9E200F65F26 /* dtvCommands.m */,
				8562BAC81B0AD9E200F65F26 /* dtvDevice.h */,
				8562BAC91B0AD9E200F65F26 /* dtvDevice.m */,
				8562BACA1B0AD9E200F65F26 /* dtvDevices.h */,
				8562BACB1B0AD9E200F65F26 /* dtvDevices.m */,
				8562BACC1B0AD9E200F65F26 /* dtvGuide.h */,
				8562BACD1B0AD9E200F65F26 /* dtvGuide.m */,
				8562BACE1B0AD9E200F65F26 /* dtvGuideItem.h */,
				8562BACF1B0AD9E200F65F26 /* dtvGuideItem.m */,
				85043B921B21374200CE996B /* dtvNowPlaying.h */,
				85043B931B21374200CE996B /* dtvNowPlaying.m */,
				8562BAD01B0AD9E200F65F26 /* iNet.h */,
				8562BAD11B0AD9E200F65F26 /* iNet.m */,
			);
			name = Classes;
			sourceTree = "<group>";
		};
		850760511AFFEC9D0061DFEA /* Vendor */ = {
			isa = PBXGroup;
			children = (
				85043B951B229D4C00CE996B /* CCColorCube */,
				8562BAAD1B0AD95A00F65F26 /* MBProgressHUD */,
				8562BAA91B0AD93800F65F26 /* Reachability */,
				8507603C1AFF9D5B0061DFEA /* MMDrawerController */,
			);
			name = Vendor;
			sourceTree = "<group>";
		};
		8562BAA91B0AD93800F65F26 /* Reachability */ = {
			isa = PBXGroup;
			children = (
				8562BAAA1B0AD95000F65F26 /* Reachability.h */,
				8562BAAB1B0AD95000F65F26 /* Reachability.m */,
			);
			name = Reachability;
			sourceTree = "<group>";
		};
		8562BAAD1B0AD95A00F65F26 /* MBProgressHUD */ = {
			isa = PBXGroup;
			children = (
				8562BAAE1B0AD96800F65F26 /* MBProgressHUD.h */,
				8562BAAF1B0AD96800F65F26 /* MBProgressHUD.m */,
			);
			name = MBProgressHUD;
			sourceTree = "<group>";
		};
		8562BADC1B0ADA1A00F65F26 /* Views */ = {
			isa = PBXGroup;
			children = (
				8562BADD1B0ADA4400F65F26 /* CenterViewController.h */,
				8562BADE1B0ADA4400F65F26 /* CenterViewController.m */,
				8562BADF1B0ADA4400F65F26 /* LaunchScreen.xib */,
				8562BAE01B0ADA4400F65F26 /* LeftViewController.h */,
				8562BAE11B0ADA4400F65F26 /* LeftViewController.m */,
				8562BAE21B0ADA4400F65F26 /* NumberPadViewController.h */,
				8562BAE31B0ADA4400F65F26 /* NumberPadViewController.m */,
				8562BAE41B0ADA4400F65F26 /* NumberPadViewController.xib */,
				8562BAE51B0ADA4400F65F26 /* RightViewController.h */,
				8562BAE61B0ADA4400F65F26 /* RightViewController.m */,
				8562BAE71B0ADA4400F65F26 /* VibrancyViewController.h */,
				8562BAE81B0ADA4400F65F26 /* VibrancyViewController.m */,
				8562BAE91B0ADA4400F65F26 /* VibrancyViewController.xib */,
			);
			name = Views;
			sourceTree = "<group>";
		};
		859D6D781A9926CA0024FBA4 = {
			isa = PBXGroup;
			children = (
				859D6D831A9926CA0024FBA4 /* dtvRemote */,
				859D6D821A9926CA0024FBA4 /* Products */,
			);
			sourceTree = "<group>";
		};
		859D6D821A9926CA0024FBA4 /* Products */ = {
			isa = PBXGroup;
			children = (
				859D6D811A9926CA0024FBA4 /* Coco for DirecTV.app */,
			);
			name = Products;
			sourceTree = "<group>";
		};
		859D6D831A9926CA0024FBA4 /* dtvRemote */ = {
			isa = PBXGroup;
			children = (
				8562BADC1B0ADA1A00F65F26 /* Views */,
				859D6D841A9926CA0024FBA4 /* Supporting Files */,
				850760511AFFEC9D0061DFEA /* Vendor */,
				850760501AFFEC870061DFEA /* Classes */,
				859D6D881A9926CA0024FBA4 /* AppDelegate.h */,
				859D6D891A9926CA0024FBA4 /* AppDelegate.m */,
				8562BAFC1B0ADAA500F65F26 /* Info.plist */,
			);
			path = dtvRemote;
			sourceTree = "<group>";
		};
		859D6D841A9926CA0024FBA4 /* Supporting Files */ = {
			isa = PBXGroup;
			children = (
				857CAAFB1AF51C9C004F8058 /* SystemConfiguration.framework */,
				859D6DB01A9A8F5E0024FBA4 /* CFNetwork.framework */,
				8562BAF21B0ADA8200F65F26 /* categories.plist */,
				8562BAF31B0ADA8200F65F26 /* commands.plist */,
				8562BAF41B0ADA8200F65F26 /* images.bundle */,
				8562BAF61B0ADA8200F65F26 /* main.m */,
				859D6D8B1A9926CA0024FBA4 /* dtvRemote.xcdatamodeld */,
				859D6D941A9926CA0024FBA4 /* Images.xcassets */,
			);
			name = "Supporting Files";
			sourceTree = "<group>";
		};
/* End PBXGroup section */

/* Begin PBXNativeTarget section */
		859D6D801A9926CA0024FBA4 /* dtvRemote */ = {
			isa = PBXNativeTarget;
			buildConfigurationList = 859D6DA71A9926CA0024FBA4 /* Build configuration list for PBXNativeTarget "dtvRemote" */;
			buildPhases = (
				859D6D7D1A9926CA0024FBA4 /* Sources */,
				859D6D7E1A9926CA0024FBA4 /* Frameworks */,
				859D6D7F1A9926CA0024FBA4 /* Resources */,
			);
			buildRules = (
			);
			dependencies = (
			);
			name = dtvRemote;
			productName = dtvRemote;
			productReference = 859D6D811A9926CA0024FBA4 /* Coco for DirecTV.app */;
			productType = "com.apple.product-type.application";
		};
/* End PBXNativeTarget section */

/* Begin PBXProject section */
		859D6D791A9926CA0024FBA4 /* Project object */ = {
			isa = PBXProject;
			attributes = {
				LastUpgradeCheck = 0610;
				ORGANIZATIONNAME = jed;
				TargetAttributes = {
					859D6D801A9926CA0024FBA4 = {
						CreatedOnToolsVersion = 6.1.1;
						DevelopmentTeam = 5FPQ5N88SR;
					};
				};
			};
			buildConfigurationList = 859D6D7C1A9926CA0024FBA4 /* Build configuration list for PBXProject "dtvRemote" */;
			compatibilityVersion = "Xcode 3.2";
			developmentRegion = English;
			hasScannedForEncodings = 0;
			knownRegions = (
				en,
				Base,
			);
			mainGroup = 859D6D781A9926CA0024FBA4;
			productRefGroup = 859D6D821A9926CA0024FBA4 /* Products */;
			projectDirPath = "";
			projectRoot = "";
			targets = (
				859D6D801A9926CA0024FBA4 /* dtvRemote */,
			);
		};
/* End PBXProject section */

/* Begin PBXResourcesBuildPhase section */
		859D6D7F1A9926CA0024FBA4 /* Resources */ = {
			isa = PBXResourcesBuildPhase;
			buildActionMask = 2147483647;
			files = (
				8562BAEB1B0ADA4400F65F26 /* LaunchScreen.xib in Resources */,
				8562BAEE1B0ADA4400F65F26 /* NumberPadViewController.xib in Resources */,
				8562BAF81B0ADA8200F65F26 /* commands.plist in Resources */,
				859D6D951A9926CA0024FBA4 /* Images.xcassets in Resources */,
				8562BAF91B0ADA8200F65F26 /* images.bundle in Resources */,
				8562BAF71B0ADA8200F65F26 /* categories.plist in Resources */,
				8562BAF11B0ADA4400F65F26 /* VibrancyViewController.xib in Resources */,
			);
			runOnlyForDeploymentPostprocessing = 0;
		};
/* End PBXResourcesBuildPhase section */

/* Begin PBXSourcesBuildPhase section */
		859D6D7D1A9926CA0024FBA4 /* Sources */ = {
			isa = PBXSourcesBuildPhase;
			buildActionMask = 2147483647;
			files = (
				8562BAF01B0ADA4400F65F26 /* VibrancyViewController.m in Sources */,
				8562BAD71B0AD9E200F65F26 /* dtvDevice.m in Sources */,
				8562BAD41B0AD9E200F65F26 /* dtvChannels.m in Sources */,
				8562BABD1B0AD9A300F65F26 /* UIViewController+MMDrawerController.m in Sources */,
				859D6D8D1A9926CA0024FBA4 /* dtvRemote.xcdatamodeld in Sources */,
				8562BAD51B0AD9E200F65F26 /* dtvCommand.m in Sources */,
				8562BAD91B0AD9E200F65F26 /* dtvGuide.m in Sources */,
				859D6D8A1A9926CA0024FBA4 /* AppDelegate.m in Sources */,
				85043B941B21374200CE996B /* dtvNowPlaying.m in Sources */,
				850F8D291B0EB94C00F9CA10 /* dtvCustomCommand.m in Sources */,
				8562BAED1B0ADA4400F65F26 /* NumberPadViewController.m in Sources */,
				8562BADB1B0AD9E200F65F26 /* iNet.m in Sources */,
				8562BAB01B0AD96800F65F26 /* MBProgressHUD.m in Sources */,
				8562BAEF1B0ADA4400F65F26 /* RightViewController.m in Sources */,
				8562BAEA1B0ADA4400F65F26 /* CenterViewController.m in Sources */,
				8562BABC1B0AD9A300F65F26 /* MMDrawerVisualState.m in Sources */,
				8562BAD21B0AD9E200F65F26 /* Colors.m in Sources */,
				8562BABA1B0AD9A300F65F26 /* MMDrawerBarButtonItem.m in Sources */,
				85043B9A1B229D6300CE996B /* CCColorCube.m in Sources */,
				8562BABB1B0AD9A300F65F26 /* MMDrawerController.m in Sources */,
				8562BAAC1B0AD95000F65F26 /* Reachability.m in Sources */,
				8562BAD61B0AD9E200F65F26 /* dtvCommands.m in Sources */,
				8562BAD81B0AD9E200F65F26 /* dtvDevices.m in Sources */,
				8562BAD31B0AD9E200F65F26 /* dtvChannel.m in Sources */,
				8562BAEC1B0ADA4400F65F26 /* LeftViewController.m in Sources */,
				8562BAFB1B0ADA8200F65F26 /* main.m in Sources */,
				85043B9B1B229D6300CE996B /* CCLocalMaximum.m in Sources */,
				8562BADA1B0AD9E200F65F26 /* dtvGuideItem.m in Sources */,
			);
			runOnlyForDeploymentPostprocessing = 0;
		};
/* End PBXSourcesBuildPhase section */

/* Begin XCBuildConfiguration section */
		859D6DA51A9926CA0024FBA4 /* Debug */ = {
			isa = XCBuildConfiguration;
			buildSettings = {
				ALWAYS_SEARCH_USER_PATHS = NO;
				CLANG_CXX_LANGUAGE_STANDARD = "gnu++0x";
				CLANG_CXX_LIBRARY = "libc++";
				CLANG_ENABLE_MODULES = YES;
				CLANG_ENABLE_OBJC_ARC = YES;
				CLANG_WARN_BOOL_CONVERSION = YES;
				CLANG_WARN_CONSTANT_CONVERSION = YES;
				CLANG_WARN_DIRECT_OBJC_ISA_USAGE = YES_ERROR;
				CLANG_WARN_EMPTY_BODY = YES;
				CLANG_WARN_ENUM_CONVERSION = YES;
				CLANG_WARN_INT_CONVERSION = YES;
				CLANG_WARN_OBJC_ROOT_CLASS = YES_ERROR;
				CLANG_WARN_UNREACHABLE_CODE = YES;
				CLANG_WARN__DUPLICATE_METHOD_MATCH = YES;
				"CODE_SIGN_IDENTITY[sdk=iphoneos*]" = "iPhone Developer";
				COPY_PHASE_STRIP = NO;
				ENABLE_STRICT_OBJC_MSGSEND = YES;
				GCC_C_LANGUAGE_STANDARD = gnu99;
				GCC_DYNAMIC_NO_PIC = NO;
				GCC_OPTIMIZATION_LEVEL = 0;
				GCC_PREPROCESSOR_DEFINITIONS = (
					"DEBUG=1",
					"$(inherited)",
				);
				GCC_SYMBOLS_PRIVATE_EXTERN = NO;
				GCC_WARN_64_TO_32_BIT_CONVERSION = YES;
				GCC_WARN_ABOUT_RETURN_TYPE = YES_ERROR;
				GCC_WARN_UNDECLARED_SELECTOR = YES;
				GCC_WARN_UNINITIALIZED_AUTOS = YES_AGGRESSIVE;
				GCC_WARN_UNUSED_FUNCTION = YES;
				GCC_WARN_UNUSED_VARIABLE = YES;
				IPHONEOS_DEPLOYMENT_TARGET = 8.1;
				MTL_ENABLE_DEBUG_INFO = YES;
				ONLY_ACTIVE_ARCH = YES;
				SDKROOT = iphoneos;
				TARGETED_DEVICE_FAMILY = "1,2";
			};
			name = Debug;
		};
		859D6DA61A9926CA0024FBA4 /* Release */ = {
			isa = XCBuildConfiguration;
			buildSettings = {
				ALWAYS_SEARCH_USER_PATHS = NO;
				CLANG_CXX_LANGUAGE_STANDARD = "gnu++0x";
				CLANG_CXX_LIBRARY = "libc++";
				CLANG_ENABLE_MODULES = YES;
				CLANG_ENABLE_OBJC_ARC = YES;
				CLANG_WARN_BOOL_CONVERSION = YES;
				CLANG_WARN_CONSTANT_CONVERSION = YES;
				CLANG_WARN_DIRECT_OBJC_ISA_USAGE = YES_ERROR;
				CLANG_WARN_EMPTY_BODY = YES;
				CLANG_WARN_ENUM_CONVERSION = YES;
				CLANG_WARN_INT_CONVERSION = YES;
				CLANG_WARN_OBJC_ROOT_CLASS = YES_ERROR;
				CLANG_WARN_UNREACHABLE_CODE = YES;
				CLANG_WARN__DUPLICATE_METHOD_MATCH = YES;
				"CODE_SIGN_IDENTITY[sdk=iphoneos*]" = "iPhone Developer";
				COPY_PHASE_STRIP = YES;
				ENABLE_NS_ASSERTIONS = NO;
				ENABLE_STRICT_OBJC_MSGSEND = YES;
				GCC_C_LANGUAGE_STANDARD = gnu99;
				GCC_WARN_64_TO_32_BIT_CONVERSION = YES;
				GCC_WARN_ABOUT_RETURN_TYPE = YES_ERROR;
				GCC_WARN_UNDECLARED_SELECTOR = YES;
				GCC_WARN_UNINITIALIZED_AUTOS = YES_AGGRESSIVE;
				GCC_WARN_UNUSED_FUNCTION = YES;
				GCC_WARN_UNUSED_VARIABLE = YES;
				IPHONEOS_DEPLOYMENT_TARGET = 8.1;
				MTL_ENABLE_DEBUG_INFO = NO;
				SDKROOT = iphoneos;
				TARGETED_DEVICE_FAMILY = "1,2";
				VALIDATE_PRODUCT = YES;
			};
			name = Release;
		};
		859D6DA81A9926CA0024FBA4 /* Debug */ = {
			isa = XCBuildConfiguration;
			buildSettings = {
				ASSETCATALOG_COMPILER_APPICON_NAME = AppIcon;
				CODE_SIGN_IDENTITY = "iPhone Developer";
				"CODE_SIGN_IDENTITY[sdk=iphoneos*]" = "iPhone Developer";
				INFOPLIST_FILE = dtvRemote/Info.plist;
				LD_RUNPATH_SEARCH_PATHS = "$(inherited) @executable_path/Frameworks";
				PRODUCT_NAME = "Coco for DirecTV";
				PROVISIONING_PROFILE = "";
				TARGETED_DEVICE_FAMILY = 1;
			};
			name = Debug;
		};
		859D6DA91A9926CA0024FBA4 /* Release */ = {
			isa = XCBuildConfiguration;
			buildSettings = {
				ASSETCATALOG_COMPILER_APPICON_NAME = AppIcon;
				CODE_SIGN_IDENTITY = "iPhone Developer";
				"CODE_SIGN_IDENTITY[sdk=iphoneos*]" = "iPhone Developer";
				INFOPLIST_FILE = dtvRemote/Info.plist;
				LD_RUNPATH_SEARCH_PATHS = "$(inherited) @executable_path/Frameworks";
				PRODUCT_NAME = "Coco for DirecTV";
				PROVISIONING_PROFILE = "";
				TARGETED_DEVICE_FAMILY = 1;
			};
			name = Release;
		};
/* End XCBuildConfiguration section */

/* Begin XCConfigurationList section */
		859D6D7C1A9926CA0024FBA4 /* Build configuration list for PBXProject "dtvRemote" */ = {
			isa = XCConfigurationList;
			buildConfigurations = (
				859D6DA51A9926CA0024FBA4 /* Debug */,
				859D6DA61A9926CA0024FBA4 /* Release */,
			);
			defaultConfigurationIsVisible = 0;
			defaultConfigurationName = Release;
		};
		859D6DA71A9926CA0024FBA4 /* Build configuration list for PBXNativeTarget "dtvRemote" */ = {
			isa = XCConfigurationList;
			buildConfigurations = (
				859D6DA81A9926CA0024FBA4 /* Debug */,
				859D6DA91A9926CA0024FBA4 /* Release */,
			);
			defaultConfigurationIsVisible = 0;
			defaultConfigurationName = Release;
		};
/* End XCConfigurationList section */

/* Begin XCVersionGroup section */
		859D6D8B1A9926CA0024FBA4 /* dtvRemote.xcdatamodeld */ = {
			isa = XCVersionGroup;
			children = (
				859D6D8C1A9926CA0024FBA4 /* dtvRemote.xcdatamodel */,
			);
			currentVersion = 859D6D8C1A9926CA0024FBA4 /* dtvRemote.xcdatamodel */;
			path = dtvRemote.xcdatamodeld;
			sourceTree = "<group>";
			versionGroupType = wrapper.xcdatamodel;
		};
/* End XCVersionGroup section */
	};
	rootObject = 859D6D791A9926CA0024FBA4 /* Project object */;
}
